{
  "name": "improved-eopsi",
  "version": "1.0.0",
  "lockfileVersion": 1,
  "requires": true,
  "dependencies": {
    "@assemblyscript/loader": {
      "version": "0.8.1",
      "resolved": "https://registry.npmjs.org/@assemblyscript/loader/-/loader-0.8.1.tgz",
      "integrity": "sha512-8U8JpGiTCe6jzsBZKwcJ9o7S0tDTcOJmISfM95P1vqD5caZi2NWs3KJJUPAmqFTdop8/tpa3zSEkixoepNq1cA=="
    },
    "@guildofweavers/galois": {
      "version": "0.4.22",
      "resolved": "https://registry.npmjs.org/@guildofweavers/galois/-/galois-0.4.22.tgz",
      "integrity": "sha512-ubbWsOKtEtPETKvOMAMvZhakkhQqjSr7IKyG/aMOPV945Gdic66sfRNM6lZyfLIgpT5zbPv//ls4zoc7m4Rsvw==",
      "requires": {
        "@assemblyscript/loader": "0.8.x"
      }
    }
  }
}
