{
  "requires": true,
  "lockfileVersion": 1,
  "dependencies": {
    "@assemblyscript/loader": {
      "version": "0.8.1",
      "resolved": "https://registry.npmjs.org/@assemblyscript/loader/-/loader-0.8.1.tgz",
      "integrity": "sha512-8U8JpGiTCe6jzsBZKwcJ9o7S0tDTcOJmISfM95P1vqD5caZi2NWs3KJJUPAmqFTdop8/tpa3zSEkixoepNq1cA=="
    },
    "uuid": {
      "version": "8.3.2",
      "resolved": "https://registry.npmjs.org/uuid/-/uuid-8.3.2.tgz",
      "integrity": "sha512-+NYs2QeMWy+GWFOEm9xnn6HCDp0l7QBD7ml8zLUmJ+93Q5NF0NocErnwkTkXVFNiX3/fpC6afS8Dhb/gz7R7eg=="
    }
  }
}
